// !$*UTF8*$!
{
	archiveVersion = 1;
	classes = {
	};
	objectVersion = 50;
	objects = {

/* Begin PBXBuildFile section */
		E509E5C121519A7C007FAA05 /* Home CollectionViewController.swift in Sources */ = {isa = PBXBuildFile; fileRef = E509E5C021519A7C007FAA05 /* Home CollectionViewController.swift */; };
		E509E5C321519C10007FAA05 /* MyCollectionViewCell.swift in Sources */ = {isa = PBXBuildFile; fileRef = E509E5C221519C10007FAA05 /* MyCollectionViewCell.swift */; };
		E56D96C52144E51400CBE9BC /* AppDelegate.swift in Sources */ = {isa = PBXBuildFile; fileRef = E56D96C42144E51400CBE9BC /* AppDelegate.swift */; };
		E56D96CA2144E51400CBE9BC /* TravelPics.storyboard in Resources */ = {isa = PBXBuildFile; fileRef = E56D96C82144E51400CBE9BC /* TravelPics.storyboard */; };
		E56D96CC2144E51700CBE9BC /* Assets.xcassets in Resources */ = {isa = PBXBuildFile; fileRef = E56D96CB2144E51700CBE9BC /* Assets.xcassets */; };
		E56D96CF2144E51700CBE9BC /* LaunchScreen.storyboard in Resources */ = {isa = PBXBuildFile; fileRef = E56D96CD2144E51700CBE9BC /* LaunchScreen.storyboard */; };
/* End PBXBuildFile section */

/* Begin PBXFileReference section */
		E509E5C021519A7C007FAA05 /* Home CollectionViewController.swift */ = {isa = PBXFileReference; lastKnownFileType = sourcecode.swift; path = "Home CollectionViewController.swift"; sourceTree = "<group>"; };
		E509E5C221519C10007FAA05 /* MyCollectionViewCell.swift */ = {isa = PBXFileReference; lastKnownFileType = sourcecode.swift; path = MyCollectionViewCell.swift; sourceTree = "<group>"; };
		E56D96C12144E51400CBE9BC /* TravelPics.app */ = {isa = PBXFileReference; explicitFileType = wrapper.application; includeInIndex = 0; path = TravelPics.app; sourceTree = BUILT_PRODUCTS_DIR; };
		E56D96C42144E51400CBE9BC /* AppDelegate.swift */ = {isa = PBXFileReference; lastKnownFileType = sourcecode.swift; path = AppDelegate.swift; sourceTree = "<group>"; };
		E56D96C92144E51400CBE9BC /* Base */ = {isa = PBXFileReference; lastKnownFileType = file.storyboard; name = Base; path = Base.lproj/TravelPics.storyboard; sourceTree = "<group>"; };
		E56D96CB2144E51700CBE9BC /* Assets.xcassets */ = {isa = PBXFileReference; lastKnownFileType = folder.assetcatalog; path = Assets.xcassets; sourceTree = "<group>"; };
		E56D96CE2144E51700CBE9BC /* Base */ = {isa = PBXFileReference; lastKnownFileType = file.storyboard; name = Base; path = Base.lproj/LaunchScreen.storyboard; sourceTree = "<group>"; };
		E56D96D02144E51700CBE9BC /* Info.plist */ = {isa = PBXFileReference; lastKnownFileType = text.plist.xml; path = Info.plist; sourceTree = "<group>"; };
/* End PBXFileReference section */

/* Begin PBXFrameworksBuildPhase section */
		E56D96BE2144E51400CBE9BC /* Frameworks */ = {
			isa = PBXFrameworksBuildPhase;
			buildActionMask = 2147483647;
			files = (
			);
			runOnlyForDeploymentPostprocessing = 0;
		};
/* End PBXFrameworksBuildPhase section */

/* Begin PBXGroup section */
		E56D96B82144E51400CBE9BC = {
			isa = PBXGroup;
			children = (
				E56D96C32144E51400CBE9BC /* TravelPics */,
				E56D96C22144E51400CBE9BC /* Products */,
			);
			sourceTree = "<group>";
		};
		E56D96C22144E51400CBE9BC /* Products */ = {
			isa = PBXGroup;
			children = (
				E56D96C12144E51400CBE9BC /* TravelPics.app */,
			);
			name = Products;
			sourceTree = "<group>";
		};
		E56D96C32144E51400CBE9BC /* TravelPics */ = {
			isa = PBXGroup;
			children = (
				E56D96C42144E51400CBE9BC /* AppDelegate.swift */,
				E56D96C82144E51400CBE9BC /* TravelPics.storyboard */,
				E56D96CB2144E51700CBE9BC /* Assets.xcassets */,
				E56D96CD2144E51700CBE9BC /* LaunchScreen.storyboard */,
				E56D96D02144E51700CBE9BC /* Info.plist */,
				E509E5C021519A7C007FAA05 /* Home CollectionViewController.swift */,
				E509E5C221519C10007FAA05 /* MyCollectionViewCell.swift */,
			);
			path = TravelPics;
			sourceTree = "<group>";
		};
/* End PBXGroup section */

/* Begin PBXNativeTarget section */
		E56D96C02144E51400CBE9BC /* TravelPics */ = {
			isa = PBXNativeTarget;
			buildConfigurationList = E56D96D32144E51700CBE9BC /* Build configuration list for PBXNativeTarget "TravelPics" */;
			buildPhases = (
				E56D96BD2144E51400CBE9BC /* Sources */,
				E56D96BE2144E51400CBE9BC /* Frameworks */,
				E56D96BF2144E51400CBE9BC /* Resources */,
			);
			buildRules = (
			);
			dependencies = (
			);
			name = TravelPics;
			productName = TravelPics;
			productReference = E56D96C12144E51400CBE9BC /* TravelPics.app */;
			productType = "com.apple.product-type.application";
		};
/* End PBXNativeTarget section */

/* Begin PBXProject section */
		E56D96B92144E51400CBE9BC /* Project object */ = {
			isa = PBXProject;
			attributes = {
				LastSwiftUpdateCheck = 0940;
				LastUpgradeCheck = 0940;
				ORGANIZATIONNAME = Maxx;
				TargetAttributes = {
					E56D96C02144E51400CBE9BC = {
						CreatedOnToolsVersion = 9.4.1;
					};
				};
			};
			buildConfigurationList = E56D96BC2144E51400CBE9BC /* Build configuration list for PBXProject "TravelPics" */;
			compatibilityVersion = "Xcode 9.3";
			developmentRegion = en;
			hasScannedForEncodings = 0;
			knownRegions = (
				en,
				Base,
			);
			mainGroup = E56D96B82144E51400CBE9BC;
			productRefGroup = E56D96C22144E51400CBE9BC /* Products */;
			projectDirPath = "";
			projectRoot = "";
			targets = (
				E56D96C02144E51400CBE9BC /* TravelPics */,
			);
		};
/* End PBXProject section */

/* Begin PBXResourcesBuildPhase section */
		E56D96BF2144E51400CBE9BC /* Resources */ = {
			isa = PBXResourcesBuildPhase;
			buildActionMask = 2147483647;
			files = (
				E56D96CF2144E51700CBE9BC /* LaunchScreen.storyboard in Resources */,
				E56D96CC2144E51700CBE9BC /* Assets.xcassets in Resources */,
				E56D96CA2144E51400CBE9BC /* TravelPics.storyboard in Resources */,
			);
			runOnlyForDeploymentPostprocessing = 0;
		};
/* End PBXResourcesBuildPhase section */

/* Begin PBXSourcesBuildPhase section */
		E56D96BD2144E51400CBE9BC /* Sources */ = {
			isa = PBXSourcesBuildPhase;
			buildActionMask = 2147483647;
			files = (
				E509E5C121519A7C007FAA05 /* Home CollectionViewController.swift in Sources */,
				E56D96C52144E51400CBE9BC /* AppDelegate.swift in Sources */,
				E509E5C321519C10007FAA05 /* MyCollectionViewCell.swift in Sources */,
			);
			runOnlyForDeploymentPostprocessing = 0;
		};
/* End PBXSourcesBuildPhase section */

/* Begin PBXVariantGroup section */
		E56D96C82144E51400CBE9BC /* TravelPics.storyboard */ = {
			isa = PBXVariantGroup;
			children = (
				E56D96C92144E51400CBE9BC /* Base */,
			);
			name = TravelPics.storyboard;
			sourceTree = "<group>";
		};
		E56D96CD2144E51700CBE9BC /* LaunchScreen.storyboard */ = {
			isa = PBXVariantGroup;
			children = (
				E56D96CE2144E51700CBE9BC /* Base */,
			);
			name = LaunchScreen.storyboard;
			sourceTree = "<group>";
		};
/* End PBXVariantGroup section */

/* Begin XCBuildConfiguration section */
		E56D96D12144E51700CBE9BC /* Debug */ = {
			isa = XCBuildConfiguration;
			buildSettings = {
				ALWAYS_SEARCH_USER_PATHS = NO;
				CLANG_ANALYZER_NONNULL = YES;
				CLANG_ANALYZER_NUMBER_OBJECT_CONVERSION = YES_AGGRESSIVE;
				CLANG_CXX_LANGUAGE_STANDARD = "gnu++14";
				CLANG_CXX_LIBRARY = "libc++";
				CLANG_ENABLE_MODULES = YES;
				CLANG_ENABLE_OBJC_ARC = YES;
				CLANG_ENABLE_OBJC_WEAK = YES;
				CLANG_WARN_BLOCK_CAPTURE_AUTORELEASING = YES;
				CLANG_WARN_BOOL_CONVERSION = YES;
				CLANG_WARN_COMMA = YES;
				CLANG_WARN_CONSTANT_CONVERSION = YES;
				CLANG_WARN_DEPRECATED_OBJC_IMPLEMENTATIONS = YES;
				CLANG_WARN_DIRECT_OBJC_ISA_USAGE = YES_ERROR;
				CLANG_WARN_DOCUMENTATION_COMMENTS = YES;
				CLANG_WARN_EMPTY_BODY = YES;
				CLANG_WARN_ENUM_CONVERSION = YES;
				CLANG_WARN_INFINITE_RECURSION = YES;
				CLANG_WARN_INT_CONVERSION = YES;
				CLANG_WARN_NON_LITERAL_NULL_CONVERSION = YES;
				CLANG_WARN_OBJC_IMPLICIT_RETAIN_SELF = YES;
				CLANG_WARN_OBJC_LITERAL_CONVERSION = YES;
				CLANG_WARN_OBJC_ROOT_CLASS = YES_ERROR;
				CLANG_WARN_RANGE_LOOP_ANALYSIS = YES;
				CLANG_WARN_STRICT_PROTOTYPES = YES;
				CLANG_WARN_SUSPICIOUS_MOVE = YES;
				CLANG_WARN_UNGUARDED_AVAILABILITY = YES_AGGRESSIVE;
				CLANG_WARN_UNREACHABLE_CODE = YES;
				CLANG_WARN__DUPLICATE_METHOD_MATCH = YES;
				CODE_SIGN_IDENTITY = "iPhone Developer";
				COPY_PHASE_STRIP = NO;
				DEBUG_INFORMATION_FORMAT = dwarf;
				ENABLE_STRICT_OBJC_MSGSEND = YES;
				ENABLE_TESTABILITY = YES;
				GCC_C_LANGUAGE_STANDARD = gnu11;
				GCC_DYNAMIC_NO_PIC = NO;
				GCC_NO_COMMON_BLOCKS = YES;
				GCC_OPTIMIZATION_LEVEL = 0;
				GCC_PREPROCESSOR_DEFINITIONS = (
					"DEBUG=1",
					"$(inherited)",
				);
				GCC_WARN_64_TO_32_BIT_CONVERSION = YES;
				GCC_WARN_ABOUT_RETURN_TYPE = YES_ERROR;
				GCC_WARN_UNDECLARED_SELECTOR = YES;
				GCC_WARN_UNINITIALIZED_AUTOS = YES_AGGRESSIVE;
				GCC_WARN_UNUSED_FUNCTION = YES;
				GCC_WARN_UNUSED_VARIABLE = YES;
				IPHONEOS_DEPLOYMENT_TARGET = 11.4;
				MTL_ENABLE_DEBUG_INFO = YES;
				ONLY_ACTIVE_ARCH = YES;
				SDKROOT = iphoneos;
				SWIFT_ACTIVE_COMPILATION_CONDITIONS = DEBUG;
				SWIFT_OPTIMIZATION_LEVEL = "-Onone";
			};
			name = Debug;
		};
		E56D96D22144E51700CBE9BC /* Release */ = {
			isa = XCBuildConfiguration;
			buildSettings = {
				ALWAYS_SEARCH_USER_PATHS = NO;
				CLANG_ANALYZER_NONNULL = YES;
				CLANG_ANALYZER_NUMBER_OBJECT_CONVERSION = YES_AGGRESSIVE;
				CLANG_CXX_LANGUAGE_STANDARD = "gnu++14";
				CLANG_CXX_LIBRARY = "libc++";
				CLANG_ENABLE_MODULES = YES;
				CLANG_ENABLE_OBJC_ARC = YES;
				CLANG_ENABLE_OBJC_WEAK = YES;
				CLANG_WARN_BLOCK_CAPTURE_AUTORELEASING = YES;
				CLANG_WARN_BOOL_CONVERSION = YES;
				CLANG_WARN_COMMA = YES;
				CLANG_WARN_CONSTANT_CONVERSION = YES;
				CLANG_WARN_DEPRECATED_OBJC_IMPLEMENTATIONS = YES;
				CLANG_WARN_DIRECT_OBJC_ISA_USAGE = YES_ERROR;
				CLANG_WARN_DOCUMENTATION_COMMENTS = YES;
				CLANG_WARN_EMPTY_BODY = YES;
				CLANG_WARN_ENUM_CONVERSION = YES;
				CLANG_WARN_INFINITE_RECURSION = YES;
				CLANG_WARN_INT_CONVERSION = YES;
				CLANG_WARN_NON_LITERAL_NULL_CONVERSION = YES;
				CLANG_WARN_OBJC_IMPLICIT_RETAIN_SELF = YES;
				CLANG_WARN_OBJC_LITERAL_CONVERSION = YES;
				CLANG_WARN_OBJC_ROOT_CLASS = YES_ERROR;
				CLANG_WARN_RANGE_LOOP_ANALYSIS = YES;
				CLANG_WARN_STRICT_PROTOTYPES = YES;
				CLANG_WARN_SUSPICIOUS_MOVE = YES;
				CLANG_WARN_UNGUARDED_AVAILABILITY = YES_AGGRESSIVE;
				CLANG_WARN_UNREACHABLE_CODE = YES;
				CLANG_WARN__DUPLICATE_METHOD_MATCH = YES;
				CODE_SIGN_IDENTITY = "iPhone Developer";
				COPY_PHASE_STRIP = NO;
				DEBUG_INFORMATION_FORMAT = "dwarf-with-dsym";
				ENABLE_NS_ASSERTIONS = NO;
				ENABLE_STRICT_OBJC_MSGSEND = YES;
				GCC_C_LANGUAGE_STANDARD = gnu11;
				GCC_NO_COMMON_BLOCKS = YES;
				GCC_WARN_64_TO_32_BIT_CONVERSION = YES;
				GCC_WARN_ABOUT_RETURN_TYPE = YES_ERROR;
				GCC_WARN_UNDECLARED_SELECTOR = YES;
				GCC_WARN_UNINITIALIZED_AUTOS = YES_AGGRESSIVE;
				GCC_WARN_UNUSED_FUNCTION = YES;
				GCC_WARN_UNUSED_VARIABLE = YES;
				IPHONEOS_DEPLOYMENT_TARGET = 11.4;
				MTL_ENABLE_DEBUG_INFO = NO;
				SDKROOT = iphoneos;
				SWIFT_COMPILATION_MODE = wholemodule;
				SWIFT_OPTIMIZATION_LEVEL = "-O";
				VALIDATE_PRODUCT = YES;
			};
			name = Release;
		};
		E56D96D42144E51700CBE9BC /* Debug */ = {
			isa = XCBuildConfiguration;
			buildSettings = {
				ASSETCATALOG_COMPILER_APPICON_NAME = AppIcon;
				CODE_SIGN_STYLE = Automatic;
				INFOPLIST_FILE = TravelPics/Info.plist;
				LD_RUNPATH_SEARCH_PATHS = (
					"$(inherited)",
					"@executable_path/Frameworks",
				);
				PRODUCT_BUNDLE_IDENTIFIER = app.maxx.TravelPics;
				PRODUCT_NAME = "$(TARGET_NAME)";
				SWIFT_VERSION = 4.0;
				TARGETED_DEVICE_FAMILY = "1,2";
			};
			name = Debug;
		};
		E56D96D52144E51700CBE9BC /* Release */ = {
			isa = XCBuildConfiguration;
			buildSettings = {
				ASSETCATALOG_COMPILER_APPICON_NAME = AppIcon;
				CODE_SIGN_STYLE = Automatic;
				INFOPLIST_FILE = TravelPics/Info.plist;
				LD_RUNPATH_SEARCH_PATHS = (
					"$(inherited)",
					"@executable_path/Frameworks",
				);
				PRODUCT_BUNDLE_IDENTIFIER = app.maxx.TravelPics;
				PRODUCT_NAME = "$(TARGET_NAME)";
				SWIFT_VERSION = 4.0;
				TARGETED_DEVICE_FAMILY = "1,2";
			};
			name = Release;
		};
/* End XCBuildConfiguration section */

/* Begin XCConfigurationList section */
		E56D96BC2144E51400CBE9BC /* Build configuration list for PBXProject "TravelPics" */ = {
			isa = XCConfigurationList;
			buildConfigurations = (
				E56D96D12144E51700CBE9BC /* Debug */,
				E56D96D22144E51700CBE9BC /* Release */,
			);
			defaultConfigurationIsVisible = 0;
			defaultConfigurationName = Release;
		};
		E56D96D32144E51700CBE9BC /* Build configuration list for PBXNativeTarget "TravelPics" */ = {
			isa = XCConfigurationList;
			buildConfigurations = (
				E56D96D42144E51700CBE9BC /* Debug */,
				E56D96D52144E51700CBE9BC /* Release */,
			);
			defaultConfigurationIsVisible = 0;
			defaultConfigurationName = Release;
		};
/* End XCConfigurationList section */
	};
	rootObject = E56D96B92144E51400CBE9BC /* Project object */;
}
